// !$*UTF8*$!
{
	archiveVersion = 1;
	classes = {
	};
	objectVersion = 50;
	objects = {

/* Begin PBXBuildFile section */
		4ECD3F9D25DE32F10013D834 /* PointFreeApp.swift in Sources */ = {isa = PBXBuildFile; fileRef = 4ECD3F9C25DE32F10013D834 /* PointFreeApp.swift */; };
		4ECD3F9F25DE32F10013D834 /* ContentView.swift in Sources */ = {isa = PBXBuildFile; fileRef = 4ECD3F9E25DE32F10013D834 /* ContentView.swift */; };
		4ECD3FA125DE32F40013D834 /* Assets.xcassets in Resources */ = {isa = PBXBuildFile; fileRef = 4ECD3FA025DE32F40013D834 /* Assets.xcassets */; };
		4ECD3FA425DE32F40013D834 /* Preview Assets.xcassets in Resources */ = {isa = PBXBuildFile; fileRef = 4ECD3FA325DE32F40013D834 /* Preview Assets.xcassets */; };
		4ECD3FAF25DE32F40013D834 /* PointFreeTests.swift in Sources */ = {isa = PBXBuildFile; fileRef = 4ECD3FAE25DE32F40013D834 /* PointFreeTests.swift */; };
		4ECD3FBA25DE32F40013D834 /* PointFreeUITests.swift in Sources */ = {isa = PBXBuildFile; fileRef = 4ECD3FB925DE32F40013D834 /* PointFreeUITests.swift */; };
/* End PBXBuildFile section */

/* Begin PBXContainerItemProxy section */
		4ECD3FAB25DE32F40013D834 /* PBXContainerItemProxy */ = {
			isa = PBXContainerItemProxy;
			containerPortal = 4ECD3F9125DE32F10013D834 /* Project object */;
			proxyType = 1;
			remoteGlobalIDString = 4ECD3F9825DE32F10013D834;
			remoteInfo = PointFree;
		};
		4ECD3FB625DE32F40013D834 /* PBXContainerItemProxy */ = {
			isa = PBXContainerItemProxy;
			containerPortal = 4ECD3F9125DE32F10013D834 /* Project object */;
			proxyType = 1;
			remoteGlobalIDString = 4ECD3F9825DE32F10013D834;
			remoteInfo = PointFree;
		};
/* End PBXContainerItemProxy section */

/* Begin PBXFileReference section */
		4ECD3F9925DE32F10013D834 /* PointFree.app */ = {isa = PBXFileReference; explicitFileType = wrapper.application; includeInIndex = 0; path = PointFree.app; sourceTree = BUILT_PRODUCTS_DIR; };
		4ECD3F9C25DE32F10013D834 /* PointFreeApp.swift */ = {isa = PBXFileReference; lastKnownFileType = sourcecode.swift; path = PointFreeApp.swift; sourceTree = "<group>"; };
		4ECD3F9E25DE32F10013D834 /* ContentView.swift */ = {isa = PBXFileReference; lastKnownFileType = sourcecode.swift; path = ContentView.swift; sourceTree = "<group>"; };
		4ECD3FA025DE32F40013D834 /* Assets.xcassets */ = {isa = PBXFileReference; lastKnownFileType = folder.assetcatalog; path = Assets.xcassets; sourceTree = "<group>"; };
		4ECD3FA325DE32F40013D834 /* Preview Assets.xcassets */ = {isa = PBXFileReference; lastKnownFileType = folder.assetcatalog; path = "Preview Assets.xcassets"; sourceTree = "<group>"; };
		4ECD3FA525DE32F40013D834 /* Info.plist */ = {isa = PBXFileReference; lastKnownFileType = text.plist.xml; path = Info.plist; sourceTree = "<group>"; };
		4ECD3FAA25DE32F40013D834 /* PointFreeTests.xctest */ = {isa = PBXFileReference; explicitFileType = wrapper.cfbundle; includeInIndex = 0; path = PointFreeTests.xctest; sourceTree = BUILT_PRODUCTS_DIR; };
		4ECD3FAE25DE32F40013D834 /* PointFreeTests.swift */ = {isa = PBXFileReference; lastKnownFileType = sourcecode.swift; path = PointFreeTests.swift; sourceTree = "<group>"; };
		4ECD3FB025DE32F40013D834 /* Info.plist */ = {isa = PBXFileReference; lastKnownFileType = text.plist.xml; path = Info.plist; sourceTree = "<group>"; };
		4ECD3FB525DE32F40013D834 /* PointFreeUITests.xctest */ = {isa = PBXFileReference; explicitFileType = wrapper.cfbundle; includeInIndex = 0; path = PointFreeUITests.xctest; sourceTree = BUILT_PRODUCTS_DIR; };
		4ECD3FB925DE32F40013D834 /* PointFreeUITests.swift */ = {isa = PBXFileReference; lastKnownFileType = sourcecode.swift; path = PointFreeUITests.swift; sourceTree = "<group>"; };
		4ECD3FBB25DE32F40013D834 /* Info.plist */ = {isa = PBXFileReference; lastKnownFileType = text.plist.xml; path = Info.plist; sourceTree = "<group>"; };
/* End PBXFileReference section */

/* Begin PBXFrameworksBuildPhase section */
		4ECD3F9625DE32F10013D834 /* Frameworks */ = {
			isa = PBXFrameworksBuildPhase;
			buildActionMask = 2147483647;
			files = (
			);
			runOnlyForDeploymentPostprocessing = 0;
		};
		4ECD3FA725DE32F40013D834 /* Frameworks */ = {
			isa = PBXFrameworksBuildPhase;
			buildActionMask = 2147483647;
			files = (
			);
			runOnlyForDeploymentPostprocessing = 0;
		};
		4ECD3FB225DE32F40013D834 /* Frameworks */ = {
			isa = PBXFrameworksBuildPhase;
			buildActionMask = 2147483647;
			files = (
			);
			runOnlyForDeploymentPostprocessing = 0;
		};
/* End PBXFrameworksBuildPhase section */

/* Begin PBXGroup section */
		4ECD3F9025DE32F10013D834 = {
			isa = PBXGroup;
			children = (
				4ECD3F9B25DE32F10013D834 /* PointFree */,
				4ECD3FAD25DE32F40013D834 /* PointFreeTests */,
				4ECD3FB825DE32F40013D834 /* PointFreeUITests */,
				4ECD3F9A25DE32F10013D834 /* Products */,
			);
			sourceTree = "<group>";
		};
		4ECD3F9A25DE32F10013D834 /* Products */ = {
			isa = PBXGroup;
			children = (
				4ECD3F9925DE32F10013D834 /* PointFree.app */,
				4ECD3FAA25DE32F40013D834 /* PointFreeTests.xctest */,
				4ECD3FB525DE32F40013D834 /* PointFreeUITests.xctest */,
			);
			name = Products;
			sourceTree = "<group>";
		};
		4ECD3F9B25DE32F10013D834 /* PointFree */ = {
			isa = PBXGroup;
			children = (
				4ECD3F9C25DE32F10013D834 /* PointFreeApp.swift */,
				4ECD3F9E25DE32F10013D834 /* ContentView.swift */,
				4ECD3FA025DE32F40013D834 /* Assets.xcassets */,
				4ECD3FA525DE32F40013D834 /* Info.plist */,
				4ECD3FA225DE32F40013D834 /* Preview Content */,
			);
			path = PointFree;
			sourceTree = "<group>";
		};
		4ECD3FA225DE32F40013D834 /* Preview Content */ = {
			isa = PBXGroup;
			children = (
				4ECD3FA325DE32F40013D834 /* Preview Assets.xcassets */,
			);
			path = "Preview Content";
			sourceTree = "<group>";
		};
		4ECD3FAD25DE32F40013D834 /* PointFreeTests */ = {
			isa = PBXGroup;
			children = (
				4ECD3FAE25DE32F40013D834 /* PointFreeTests.swift */,
				4ECD3FB025DE32F40013D834 /* Info.plist */,
			);
			path = PointFreeTests;
			sourceTree = "<group>";
		};
		4ECD3FB825DE32F40013D834 /* PointFreeUITests */ = {
			isa = PBXGroup;
			children = (
				4ECD3FB925DE32F40013D834 /* PointFreeUITests.swift */,
				4ECD3FBB25DE32F40013D834 /* Info.plist */,
			);
			path = PointFreeUITests;
			sourceTree = "<group>";
		};
/* End PBXGroup section */

/* Begin PBXNativeTarget section */
		4ECD3F9825DE32F10013D834 /* PointFree */ = {
			isa = PBXNativeTarget;
			buildConfigurationList = 4ECD3FBE25DE32F50013D834 /* Build configuration list for PBXNativeTarget "PointFree" */;
			buildPhases = (
				4ECD3F9525DE32F10013D834 /* Sources */,
				4ECD3F9625DE32F10013D834 /* Frameworks */,
				4ECD3F9725DE32F10013D834 /* Resources */,
			);
			buildRules = (
			);
			dependencies = (
			);
			name = PointFree;
			productName = PointFree;
			productReference = 4ECD3F9925DE32F10013D834 /* PointFree.app */;
			productType = "com.apple.product-type.application";
		};
		4ECD3FA925DE32F40013D834 /* PointFreeTests */ = {
			isa = PBXNativeTarget;
			buildConfigurationList = 4ECD3FC125DE32F50013D834 /* Build configuration list for PBXNativeTarget "PointFreeTests" */;
			buildPhases = (
				4ECD3FA625DE32F40013D834 /* Sources */,
				4ECD3FA725DE32F40013D834 /* Frameworks */,
				4ECD3FA825DE32F40013D834 /* Resources */,
			);
			buildRules = (
			);
			dependencies = (
				4ECD3FAC25DE32F40013D834 /* PBXTargetDependency */,
			);
			name = PointFreeTests;
			productName = PointFreeTests;
			productReference = 4ECD3FAA25DE32F40013D834 /* PointFreeTests.xctest */;
			productType = "com.apple.product-type.bundle.unit-test";
		};
		4ECD3FB425DE32F40013D834 /* PointFreeUITests */ = {
			isa = PBXNativeTarget;
			buildConfigurationList = 4ECD3FC425DE32F50013D834 /* Build configuration list for PBXNativeTarget "PointFreeUITests" */;
			buildPhases = (
				4ECD3FB125DE32F40013D834 /* Sources */,
				4ECD3FB225DE32F40013D834 /* Frameworks */,
				4ECD3FB325DE32F40013D834 /* Resources */,
			);
			buildRules = (
			);
			dependencies = (
				4ECD3FB725DE32F40013D834 /* PBXTargetDependency */,
			);
			name = PointFreeUITests;
			productName = PointFreeUITests;
			productReference = 4ECD3FB525DE32F40013D834 /* PointFreeUITests.xctest */;
			productType = "com.apple.product-type.bundle.ui-testing";
		};
/* End PBXNativeTarget section */

/* Begin PBXProject section */
		4ECD3F9125DE32F10013D834 /* Project object */ = {
			isa = PBXProject;
			attributes = {
				LastSwiftUpdateCheck = 1240;
				LastUpgradeCheck = 1240;
				TargetAttributes = {
					4ECD3F9825DE32F10013D834 = {
						CreatedOnToolsVersion = 12.4;
					};
					4ECD3FA925DE32F40013D834 = {
						CreatedOnToolsVersion = 12.4;
						TestTargetID = 4ECD3F9825DE32F10013D834;
					};
					4ECD3FB425DE32F40013D834 = {
						CreatedOnToolsVersion = 12.4;
						TestTargetID = 4ECD3F9825DE32F10013D834;
					};
				};
			};
			buildConfigurationList = 4ECD3F9425DE32F10013D834 /* Build configuration list for PBXProject "PointFree" */;
			compatibilityVersion = "Xcode 9.3";
			developmentRegion = en;
			hasScannedForEncodings = 0;
			knownRegions = (
				en,
				Base,
			);
			mainGroup = 4ECD3F9025DE32F10013D834;
			productRefGroup = 4ECD3F9A25DE32F10013D834 /* Products */;
			projectDirPath = "";
			projectRoot = "";
			targets = (
				4ECD3F9825DE32F10013D834 /* PointFree */,
				4ECD3FA925DE32F40013D834 /* PointFreeTests */,
				4ECD3FB425DE32F40013D834 /* PointFreeUITests */,
			);
		};
/* End PBXProject section */

/* Begin PBXResourcesBuildPhase section */
		4ECD3F9725DE32F10013D834 /* Resources */ = {
			isa = PBXResourcesBuildPhase;
			buildActionMask = 2147483647;
			files = (
				4ECD3FA425DE32F40013D834 /* Preview Assets.xcassets in Resources */,
				4ECD3FA125DE32F40013D834 /* Assets.xcassets in Resources */,
			);
			runOnlyForDeploymentPostprocessing = 0;
		};
		4ECD3FA825DE32F40013D834 /* Resources */ = {
			isa = PBXResourcesBuildPhase;
			buildActionMask = 2147483647;
			files = (
			);
			runOnlyForDeploymentPostprocessing = 0;
		};
		4ECD3FB325DE32F40013D834 /* Resources */ = {
			isa = PBXResourcesBuildPhase;
			buildActionMask = 2147483647;
			files = (
			);
			runOnlyForDeploymentPostprocessing = 0;
		};
/* End PBXResourcesBuildPhase section */

/* Begin PBXSourcesBuildPhase section */
		4ECD3F9525DE32F10013D834 /* Sources */ = {
			isa = PBXSourcesBuildPhase;
			buildActionMask = 2147483647;
			files = (
				4ECD3F9F25DE32F10013D834 /* ContentView.swift in Sources */,
				4ECD3F9D25DE32F10013D834 /* PointFreeApp.swift in Sources */,
			);
			runOnlyForDeploymentPostprocessing = 0;
		};
		4ECD3FA625DE32F40013D834 /* Sources */ = {
			isa = PBXSourcesBuildPhase;
			buildActionMask = 2147483647;
			files = (
				4ECD3FAF25DE32F40013D834 /* PointFreeTests.swift in Sources */,
			);
			runOnlyForDeploymentPostprocessing = 0;
		};
		4ECD3FB125DE32F40013D834 /* Sources */ = {
			isa = PBXSourcesBuildPhase;
			buildActionMask = 2147483647;
			files = (
				4ECD3FBA25DE32F40013D834 /* PointFreeUITests.swift in Sources */,
			);
			runOnlyForDeploymentPostprocessing = 0;
		};
/* End PBXSourcesBuildPhase section */

/* Begin PBXTargetDependency section */
		4ECD3FAC25DE32F40013D834 /* PBXTargetDependency */ = {
			isa = PBXTargetDependency;
			target = 4ECD3F9825DE32F10013D834 /* PointFree */;
			targetProxy = 4ECD3FAB25DE32F40013D834 /* PBXContainerItemProxy */;
		};
		4ECD3FB725DE32F40013D834 /* PBXTargetDependency */ = {
			isa = PBXTargetDependency;
			target = 4ECD3F9825DE32F10013D834 /* PointFree */;
			targetProxy = 4ECD3FB625DE32F40013D834 /* PBXContainerItemProxy */;
		};
/* End PBXTargetDependency section */

/* Begin XCBuildConfiguration section */
		4ECD3FBC25DE32F50013D834 /* Debug */ = {
			isa = XCBuildConfiguration;
			buildSettings = {
				ALWAYS_SEARCH_USER_PATHS = NO;
				CLANG_ANALYZER_NONNULL = YES;
				CLANG_ANALYZER_NUMBER_OBJECT_CONVERSION = YES_AGGRESSIVE;
				CLANG_CXX_LANGUAGE_STANDARD = "gnu++14";
				CLANG_CXX_LIBRARY = "libc++";
				CLANG_ENABLE_MODULES = YES;
				CLANG_ENABLE_OBJC_ARC = YES;
				CLANG_ENABLE_OBJC_WEAK = YES;
				CLANG_WARN_BLOCK_CAPTURE_AUTORELEASING = YES;
				CLANG_WARN_BOOL_CONVERSION = YES;
				CLANG_WARN_COMMA = YES;
				CLANG_WARN_CONSTANT_CONVERSION = YES;
				CLANG_WARN_DEPRECATED_OBJC_IMPLEMENTATIONS = YES;
				CLANG_WARN_DIRECT_OBJC_ISA_USAGE = YES_ERROR;
				CLANG_WARN_DOCUMENTATION_COMMENTS = YES;
				CLANG_WARN_EMPTY_BODY = YES;
				CLANG_WARN_ENUM_CONVERSION = YES;
				CLANG_WARN_INFINITE_RECURSION = YES;
				CLANG_WARN_INT_CONVERSION = YES;
				CLANG_WARN_NON_LITERAL_NULL_CONVERSION = YES;
				CLANG_WARN_OBJC_IMPLICIT_RETAIN_SELF = YES;
				CLANG_WARN_OBJC_LITERAL_CONVERSION = YES;
				CLANG_WARN_OBJC_ROOT_CLASS = YES_ERROR;
				CLANG_WARN_QUOTED_INCLUDE_IN_FRAMEWORK_HEADER = YES;
				CLANG_WARN_RANGE_LOOP_ANALYSIS = YES;
				CLANG_WARN_STRICT_PROTOTYPES = YES;
				CLANG_WARN_SUSPICIOUS_MOVE = YES;
				CLANG_WARN_UNGUARDED_AVAILABILITY = YES_AGGRESSIVE;
				CLANG_WARN_UNREACHABLE_CODE = YES;
				CLANG_WARN__DUPLICATE_METHOD_MATCH = YES;
				COPY_PHASE_STRIP = NO;
				DEBUG_INFORMATION_FORMAT = dwarf;
				ENABLE_STRICT_OBJC_MSGSEND = YES;
				ENABLE_TESTABILITY = YES;
				GCC_C_LANGUAGE_STANDARD = gnu11;
				GCC_DYNAMIC_NO_PIC = NO;
				GCC_NO_COMMON_BLOCKS = YES;
				GCC_OPTIMIZATION_LEVEL = 0;
				GCC_PREPROCESSOR_DEFINITIONS = (
					"DEBUG=1",
					"$(inherited)",
				);
				GCC_WARN_64_TO_32_BIT_CONVERSION = YES;
				GCC_WARN_ABOUT_RETURN_TYPE = YES_ERROR;
				GCC_WARN_UNDECLARED_SELECTOR = YES;
				GCC_WARN_UNINITIALIZED_AUTOS = YES_AGGRESSIVE;
				GCC_WARN_UNUSED_FUNCTION = YES;
				GCC_WARN_UNUSED_VARIABLE = YES;
				IPHONEOS_DEPLOYMENT_TARGET = 14.4;
				MTL_ENABLE_DEBUG_INFO = INCLUDE_SOURCE;
				MTL_FAST_MATH = YES;
				ONLY_ACTIVE_ARCH = YES;
				SDKROOT = iphoneos;
				SWIFT_ACTIVE_COMPILATION_CONDITIONS = DEBUG;
				SWIFT_OPTIMIZATION_LEVEL = "-Onone";
			};
			name = Debug;
		};
		4ECD3FBD25DE32F50013D834 /* Release */ = {
			isa = XCBuildConfiguration;
			buildSettings = {
				ALWAYS_SEARCH_USER_PATHS = NO;
				CLANG_ANALYZER_NONNULL = YES;
				CLANG_ANALYZER_NUMBER_OBJECT_CONVERSION = YES_AGGRESSIVE;
				CLANG_CXX_LANGUAGE_STANDARD = "gnu++14";
				CLANG_CXX_LIBRARY = "libc++";
				CLANG_ENABLE_MODULES = YES;
				CLANG_ENABLE_OBJC_ARC = YES;
				CLANG_ENABLE_OBJC_WEAK = YES;
				CLANG_WARN_BLOCK_CAPTURE_AUTORELEASING = YES;
				CLANG_WARN_BOOL_CONVERSION = YES;
				CLANG_WARN_COMMA = YES;
				CLANG_WARN_CONSTANT_CONVERSION = YES;
				CLANG_WARN_DEPRECATED_OBJC_IMPLEMENTATIONS = YES;
				CLANG_WARN_DIRECT_OBJC_ISA_USAGE = YES_ERROR;
				CLANG_WARN_DOCUMENTATION_COMMENTS = YES;
				CLANG_WARN_EMPTY_BODY = YES;
				CLANG_WARN_ENUM_CONVERSION = YES;
				CLANG_WARN_INFINITE_RECURSION = YES;
				CLANG_WARN_INT_CONVERSION = YES;
				CLANG_WARN_NON_LITERAL_NULL_CONVERSION = YES;
				CLANG_WARN_OBJC_IMPLICIT_RETAIN_SELF = YES;
				CLANG_WARN_OBJC_LITERAL_CONVERSION = YES;
				CLANG_WARN_OBJC_ROOT_CLASS = YES_ERROR;
				CLANG_WARN_QUOTED_INCLUDE_IN_FRAMEWORK_HEADER = YES;
				CLANG_WARN_RANGE_LOOP_ANALYSIS = YES;
				CLANG_WARN_STRICT_PROTOTYPES = YES;
				CLANG_WARN_SUSPICIOUS_MOVE = YES;
				CLANG_WARN_UNGUARDED_AVAILABILITY = YES_AGGRESSIVE;
				CLANG_WARN_UNREACHABLE_CODE = YES;
				CLANG_WARN__DUPLICATE_METHOD_MATCH = YES;
				COPY_PHASE_STRIP = NO;
				DEBUG_INFORMATION_FORMAT = "dwarf-with-dsym";
				ENABLE_NS_ASSERTIONS = NO;
				ENABLE_STRICT_OBJC_MSGSEND = YES;
				GCC_C_LANGUAGE_STANDARD = gnu11;
				GCC_NO_COMMON_BLOCKS = YES;
				GCC_WARN_64_TO_32_BIT_CONVERSION = YES;
				GCC_WARN_ABOUT_RETURN_TYPE = YES_ERROR;
				GCC_WARN_UNDECLARED_SELECTOR = YES;
				GCC_WARN_UNINITIALIZED_AUTOS = YES_AGGRESSIVE;
				GCC_WARN_UNUSED_FUNCTION = YES;
				GCC_WARN_UNUSED_VARIABLE = YES;
				IPHONEOS_DEPLOYMENT_TARGET = 14.4;
				MTL_ENABLE_DEBUG_INFO = NO;
				MTL_FAST_MATH = YES;
				SDKROOT = iphoneos;
				SWIFT_COMPILATION_MODE = wholemodule;
				SWIFT_OPTIMIZATION_LEVEL = "-O";
				VALIDATE_PRODUCT = YES;
			};
			name = Release;
		};
		4ECD3FBF25DE32F50013D834 /* Debug */ = {
			isa = XCBuildConfiguration;
			buildSettings = {
				ASSETCATALOG_COMPILER_APPICON_NAME = AppIcon;
				ASSETCATALOG_COMPILER_GLOBAL_ACCENT_COLOR_NAME = AccentColor;
				CODE_SIGN_STYLE = Automatic;
				DEVELOPMENT_ASSET_PATHS = "\"PointFree/Preview Content\"";
				DEVELOPMENT_TEAM = 38UH79SYLT;
				ENABLE_PREVIEWS = YES;
				INFOPLIST_FILE = PointFree/Info.plist;
				IPHONEOS_DEPLOYMENT_TARGET = 14.0;
				LD_RUNPATH_SEARCH_PATHS = (
					"$(inherited)",
					"@executable_path/Frameworks",
				);
				PRODUCT_BUNDLE_IDENTIFIER = AP.PointFree;
				PRODUCT_NAME = "$(TARGET_NAME)";
				SWIFT_VERSION = 5.0;
				TARGETED_DEVICE_FAMILY = "1,2";
			};
			name = Debug;
		};
		4ECD3FC025DE32F50013D834 /* Release */ = {
			isa = XCBuildConfiguration;
			buildSettings = {
				ASSETCATALOG_COMPILER_APPICON_NAME = AppIcon;
				ASSETCATALOG_COMPILER_GLOBAL_ACCENT_COLOR_NAME = AccentColor;
				CODE_SIGN_STYLE = Automatic;
				DEVELOPMENT_ASSET_PATHS = "\"PointFree/Preview Content\"";
				DEVELOPMENT_TEAM = 38UH79SYLT;
				ENABLE_PREVIEWS = YES;
				INFOPLIST_FILE = PointFree/Info.plist;
				IPHONEOS_DEPLOYMENT_TARGET = 14.0;
				LD_RUNPATH_SEARCH_PATHS = (
					"$(inherited)",
					"@executable_path/Frameworks",
				);
				PRODUCT_BUNDLE_IDENTIFIER = AP.PointFree;
				PRODUCT_NAME = "$(TARGET_NAME)";
				SWIFT_VERSION = 5.0;
				TARGETED_DEVICE_FAMILY = "1,2";
			};
			name = Release;
		};
		4ECD3FC225DE32F50013D834 /* Debug */ = {
			isa = XCBuildConfiguration;
			buildSettings = {
				ALWAYS_EMBED_SWIFT_STANDARD_LIBRARIES = YES;
				BUNDLE_LOADER = "$(TEST_HOST)";
				CODE_SIGN_STYLE = Automatic;
				DEVELOPMENT_TEAM = 38UH79SYLT;
				INFOPLIST_FILE = PointFreeTests/Info.plist;
				IPHONEOS_DEPLOYMENT_TARGET = 14.0;
				LD_RUNPATH_SEARCH_PATHS = (
					"$(inherited)",
					"@executable_path/Frameworks",
					"@loader_path/Frameworks",
				);
				PRODUCT_BUNDLE_IDENTIFIER = AP.PointFreeTests;
				PRODUCT_NAME = "$(TARGET_NAME)";
				SWIFT_VERSION = 5.0;
				TARGETED_DEVICE_FAMILY = "1,2";
				TEST_HOST = "$(BUILT_PRODUCTS_DIR)/PointFree.app/PointFree";
			};
			name = Debug;
		};
		4ECD3FC325DE32F50013D834 /* Release */ = {
			isa = XCBuildConfiguration;
			buildSettings = {
				ALWAYS_EMBED_SWIFT_STANDARD_LIBRARIES = YES;
				BUNDLE_LOADER = "$(TEST_HOST)";
				CODE_SIGN_STYLE = Automatic;
				DEVELOPMENT_TEAM = 38UH79SYLT;
				INFOPLIST_FILE = PointFreeTests/Info.plist;
				IPHONEOS_DEPLOYMENT_TARGET = 14.0;
				LD_RUNPATH_SEARCH_PATHS = (
					"$(inherited)",
					"@executable_path/Frameworks",
					"@loader_path/Frameworks",
				);
				PRODUCT_BUNDLE_IDENTIFIER = AP.PointFreeTests;
				PRODUCT_NAME = "$(TARGET_NAME)";
				SWIFT_VERSION = 5.0;
				TARGETED_DEVICE_FAMILY = "1,2";
				TEST_HOST = "$(BUILT_PRODUCTS_DIR)/PointFree.app/PointFree";
			};
			name = Release;
		};
		4ECD3FC525DE32F50013D834 /* Debug */ = {
			isa = XCBuildConfiguration;
			buildSettings = {
				ALWAYS_EMBED_SWIFT_STANDARD_LIBRARIES = YES;
				CODE_SIGN_STYLE = Automatic;
				DEVELOPMENT_TEAM = 38UH79SYLT;
				INFOPLIST_FILE = PointFreeUITests/Info.plist;
				LD_RUNPATH_SEARCH_PATHS = (
					"$(inherited)",
					"@executable_path/Frameworks",
					"@loader_path/Frameworks",
				);
				PRODUCT_BUNDLE_IDENTIFIER = AP.PointFreeUITests;
				PRODUCT_NAME = "$(TARGET_NAME)";
				SWIFT_VERSION = 5.0;
				TARGETED_DEVICE_FAMILY = "1,2";
				TEST_TARGET_NAME = PointFree;
			};
			name = Debug;
		};
		4ECD3FC625DE32F50013D834 /* Release */ = {
			isa = XCBuildConfiguration;
			buildSettings = {
				ALWAYS_EMBED_SWIFT_STANDARD_LIBRARIES = YES;
				CODE_SIGN_STYLE = Automatic;
				DEVELOPMENT_TEAM = 38UH79SYLT;
				INFOPLIST_FILE = PointFreeUITests/Info.plist;
				LD_RUNPATH_SEARCH_PATHS = (
					"$(inherited)",
					"@executable_path/Frameworks",
					"@loader_path/Frameworks",
				);
				PRODUCT_BUNDLE_IDENTIFIER = AP.PointFreeUITests;
				PRODUCT_NAME = "$(TARGET_NAME)";
				SWIFT_VERSION = 5.0;
				TARGETED_DEVICE_FAMILY = "1,2";
				TEST_TARGET_NAME = PointFree;
			};
			name = Release;
		};
/* End XCBuildConfiguration section */

/* Begin XCConfigurationList section */
		4ECD3F9425DE32F10013D834 /* Build configuration list for PBXProject "PointFree" */ = {
			isa = XCConfigurationList;
			buildConfigurations = (
				4ECD3FBC25DE32F50013D834 /* Debug */,
				4ECD3FBD25DE32F50013D834 /* Release */,
			);
			defaultConfigurationIsVisible = 0;
			defaultConfigurationName = Release;
		};
		4ECD3FBE25DE32F50013D834 /* Build configuration list for PBXNativeTarget "PointFree" */ = {
			isa = XCConfigurationList;
			buildConfigurations = (
				4ECD3FBF25DE32F50013D834 /* Debug */,
				4ECD3FC025DE32F50013D834 /* Release */,
			);
			defaultConfigurationIsVisible = 0;
			defaultConfigurationName = Release;
		};
		4ECD3FC125DE32F50013D834 /* Build configuration list for PBXNativeTarget "PointFreeTests" */ = {
			isa = XCConfigurationList;
			buildConfigurations = (
				4ECD3FC225DE32F50013D834 /* Debug */,
				4ECD3FC325DE32F50013D834 /* Release */,
			);
			defaultConfigurationIsVisible = 0;
			defaultConfigurationName = Release;
		};
		4ECD3FC425DE32F50013D834 /* Build configuration list for PBXNativeTarget "PointFreeUITests" */ = {
			isa = XCConfigurationList;
			buildConfigurations = (
				4ECD3FC525DE32F50013D834 /* Debug */,
				4ECD3FC625DE32F50013D834 /* Release */,
			);
			defaultConfigurationIsVisible = 0;
			defaultConfigurationName = Release;
		};
/* End XCConfigurationList section */
	};
	rootObject = 4ECD3F9125DE32F10013D834 /* Project object */;
}
